Microsoft Visual Studio Solution File, Format Version 12.00
# Visual Studio Version 17
VisualStudioVersion = 17.5.2.0
MinimumVisualStudioVersion = 10.0.40219.1
Project("{FAE04EC0-301F-11D3-BF4B-00C04F79EFBC}") = "Module4Challenge", "Module4Challenge\Module4Challenge.csproj", "{49678AD5-9DD2-CF52-0C1C-7316650EDBAC}"
EndProject
Global
	GlobalSection(SolutionConfigurationPlatforms) = preSolution
		Debug|Any CPU = Debug|Any CPU
		Release|Any CPU = Release|Any CPU
	EndGlobalSection
	GlobalSection(ProjectConfigurationPlatforms) = postSolution
		{49678AD5-9DD2-CF52-0C1C-7316650EDBAC}.Debug|Any CPU.ActiveCfg = Debug|Any CPU
		{49678AD5-9DD2-CF52-0C1C-7316650EDBAC}.Debug|Any CPU.Build.0 = Debug|Any CPU
		{49678AD5-9DD2-CF52-0C1C-7316650EDBAC}.Release|Any CPU.ActiveCfg = Release|Any CPU
		{49678AD5-9DD2-CF52-0C1C-7316650EDBAC}.Release|Any CPU.Build.0 = Release|Any CPU
	EndGlobalSection
	GlobalSection(SolutionProperties) = preSolution
		HideSolutionNode = FALSE
	EndGlobalSection
	GlobalSection(ExtensibilityGlobals) = postSolution
		SolutionGuid = {A185239A-F108-4D8A-AB79-094B3036B512}
	EndGlobalSection
EndGlobal
